
Microsoft Visual Studio Solution File, Format Version 12.00
# Visual Studio 2012
Project("{FAE04EC0-301F-11D3-BF4B-00C04F79EFBC}") = "DatabaseConsole_01", "DatabaseConsole_01\DatabaseConsole_01.csproj", "{9E007833-808D-4676-8DCD-921C7B806BA6}"
EndProject
Global
	GlobalSection(SolutionConfigurationPlatforms) = preSolution
		Debug|Any CPU = Debug|Any CPU
		Release|Any CPU = Release|Any CPU
	EndGlobalSection
	GlobalSection(ProjectConfigurationPlatforms) = postSolution
		{9E007833-808D-4676-8DCD-921C7B806BA6}.Debug|Any CPU.ActiveCfg = Debug|Any CPU
		{9E007833-808D-4676-8DCD-921C7B806BA6}.Debug|Any CPU.Build.0 = Debug|Any CPU
		{9E007833-808D-4676-8DCD-921C7B806BA6}.Release|Any CPU.ActiveCfg = Release|Any CPU
		{9E007833-808D-4676-8DCD-921C7B806BA6}.Release|Any CPU.Build.0 = Release|Any CPU
	EndGlobalSection
	GlobalSection(SolutionProperties) = preSolution
		HideSolutionNode = FALSE
	EndGlobalSection
EndGlobal
